
Microsoft Visual Studio Solution File, Format Version 12.00
# Visual Studio Version 16
VisualStudioVersion = 16.0.33920.266
MinimumVisualStudioVersion = 10.0.40219.1
Project("{8BC9CEB8-8B4A-11D0-8D11-00A0C91BC942}") = "shastaj", "shastaj\shastaj.vcxproj", "{D9E164D1-AEB2-40C5-ACB5-D8493FC18BC1}"
EndProject
Global
	GlobalSection(SolutionConfigurationPlatforms) = preSolution
		Debug|x64 = Debug|x64
		Debug|x86 = Debug|x86
		Release|x64 = Release|x64
		Release|x86 = Release|x86
	EndGlobalSection
	GlobalSection(ProjectConfigurationPlatforms) = postSolution
		{D9E164D1-AEB2-40C5-ACB5-D8493FC18BC1}.Debug|x64.ActiveCfg = Debug|x64
		{D9E164D1-AEB2-40C5-ACB5-D8493FC18BC1}.Debug|x64.Build.0 = Debug|x64
		{D9E164D1-AEB2-40C5-ACB5-D8493FC18BC1}.Debug|x86.ActiveCfg = Debug|Win32
		{D9E164D1-AEB2-40C5-ACB5-D8493FC18BC1}.Debug|x86.Build.0 = Debug|Win32
		{D9E164D1-AEB2-40C5-ACB5-D8493FC18BC1}.Release|x64.ActiveCfg = Release|x64
		{D9E164D1-AEB2-40C5-ACB5-D8493FC18BC1}.Release|x64.Build.0 = Release|x64
		{D9E164D1-AEB2-40C5-ACB5-D8493FC18BC1}.Release|x86.ActiveCfg = Release|Win32
		{D9E164D1-AEB2-40C5-ACB5-D8493FC18BC1}.Release|x86.Build.0 = Release|Win32
	EndGlobalSection
	GlobalSection(SolutionProperties) = preSolution
		HideSolutionNode = FALSE
	EndGlobalSection
	GlobalSection(ExtensibilityGlobals) = postSolution
		SolutionGuid = {A8029AA4-22F4-4F54-AD7A-267162CF61C8}
	EndGlobalSection
EndGlobal
